{
  "name": "Examples",
  "version": "0.1.0",
  "lockfileVersion": 2,
  "requires": true,
  "packages": {
    "": {
      "name": "Examples",
      "version": "0.1.0",
      "license": "ISC",
      "dependencies": {
        "@nick-thompson/elementary": "0.10.0-beta1"
      }
    },
    "node_modules/@nick-thompson/elementary": {
      "version": "0.10.0-beta1",
      "resolved": "https://registry.npmjs.org/@nick-thompson/elementary/-/elementary-0.10.0-beta1.tgz",
      "integrity": "sha512-t/b2dqsVR/KNcumdkz8xLg/UXikce5ozOOm7YS+vZyXb6HsG0LQgaSQNtZz3SDGcBMajcvJuEnFxv8FrLMRrvQ=="
    }
  },
  "dependencies": {
    "@nick-thompson/elementary": {
      "version": "0.10.0-beta1",
      "resolved": "https://registry.npmjs.org/@nick-thompson/elementary/-/elementary-0.10.0-beta1.tgz",
      "integrity": "sha512-t/b2dqsVR/KNcumdkz8xLg/UXikce5ozOOm7YS+vZyXb6HsG0LQgaSQNtZz3SDGcBMajcvJuEnFxv8FrLMRrvQ=="
    }
  }
}
